
Microsoft Visual Studio Solution File, Format Version 12.00
# Visual Studio 15
VisualStudioVersion = 15.0.28010.2050
MinimumVisualStudioVersion = 10.0.40219.1
Project("{FAE04EC0-301F-11D3-BF4B-00C04F79EFBC}") = "ModellingWizard", "ModellingWizard.csproj", "{10E1A26F-1F33-478A-84A3-BF59710893C0}"
EndProject
Global
	GlobalSection(SolutionConfigurationPlatforms) = preSolution
		Debug|Any CPU = Debug|Any CPU
		Release|Any CPU = Release|Any CPU
	EndGlobalSection
	GlobalSection(ProjectConfigurationPlatforms) = postSolution
		{10E1A26F-1F33-478A-84A3-BF59710893C0}.Debug|Any CPU.ActiveCfg = Debug|Any CPU
		{10E1A26F-1F33-478A-84A3-BF59710893C0}.Debug|Any CPU.Build.0 = Debug|Any CPU
		{10E1A26F-1F33-478A-84A3-BF59710893C0}.Release|Any CPU.ActiveCfg = Release|Any CPU
		{10E1A26F-1F33-478A-84A3-BF59710893C0}.Release|Any CPU.Build.0 = Release|Any CPU
	EndGlobalSection
	GlobalSection(SolutionProperties) = preSolution
		HideSolutionNode = FALSE
	EndGlobalSection
	GlobalSection(ExtensibilityGlobals) = postSolution
		SolutionGuid = {8D7F0C84-CD9B-406E-BB70-F7AA04ED7DA1}
	EndGlobalSection
EndGlobal
